// !$*UTF8*$!
{
	archiveVersion = 1;
	classes = {
	};
	objectVersion = 56;
	objects = {

/* Begin PBXBuildFile section */
		68CF51502B3FD13100CE5C67 /* View+Extensions.swift in Sources */ = {isa = PBXBuildFile; fileRef = 68CF514F2B3FD13100CE5C67 /* View+Extensions.swift */; };
		68CF51542B3FF0FA00CE5C67 /* Double+Extensions.swift in Sources */ = {isa = PBXBuildFile; fileRef = 68CF51532B3FF0FA00CE5C67 /* Double+Extensions.swift */; };
		68CF51562B42B11600CE5C67 /* InfoButton.swift in Sources */ = {isa = PBXBuildFile; fileRef = 68CF51552B42B11600CE5C67 /* InfoButton.swift */; };
		CE1D5C592B4BD4E600A59E17 /* GeneratedProgressView.swift in Sources */ = {isa = PBXBuildFile; fileRef = CE1D5C582B4BD4E600A59E17 /* GeneratedProgressView.swift */; };
		CE5F68602B2C3D3C004C9FD2 /* DrawApp.swift in Sources */ = {isa = PBXBuildFile; fileRef = CE5F685F2B2C3D3C004C9FD2 /* DrawApp.swift */; };
		CE5F68622B2C3D3C004C9FD2 /* ContentView.swift in Sources */ = {isa = PBXBuildFile; fileRef = CE5F68612B2C3D3C004C9FD2 /* ContentView.swift */; };
		CE5F68642B2C3D3C004C9FD2 /* Item.swift in Sources */ = {isa = PBXBuildFile; fileRef = CE5F68632B2C3D3C004C9FD2 /* Item.swift */; };
		CE5F68662B2C3D3D004C9FD2 /* Assets.xcassets in Resources */ = {isa = PBXBuildFile; fileRef = CE5F68652B2C3D3D004C9FD2 /* Assets.xcassets */; };
		CE5F686A2B2C3D3D004C9FD2 /* Preview Assets.xcassets in Resources */ = {isa = PBXBuildFile; fileRef = CE5F68692B2C3D3D004C9FD2 /* Preview Assets.xcassets */; };
		CE5F68752B2C3D3E004C9FD2 /* DrawTests.swift in Sources */ = {isa = PBXBuildFile; fileRef = CE5F68742B2C3D3E004C9FD2 /* DrawTests.swift */; };
		CE5F687F2B2C3D3E004C9FD2 /* DrawUITests.swift in Sources */ = {isa = PBXBuildFile; fileRef = CE5F687E2B2C3D3E004C9FD2 /* DrawUITests.swift */; };
		CE5F68812B2C3D3E004C9FD2 /* DrawUITestsLaunchTests.swift in Sources */ = {isa = PBXBuildFile; fileRef = CE5F68802B2C3D3E004C9FD2 /* DrawUITestsLaunchTests.swift */; };
		CE5F68902B2C4515004C9FD2 /* DrawView.swift in Sources */ = {isa = PBXBuildFile; fileRef = CE5F688F2B2C4515004C9FD2 /* DrawView.swift */; };
		CE5F68922B2FE5C4004C9FD2 /* ColorPanelView.swift in Sources */ = {isa = PBXBuildFile; fileRef = CE5F68912B2FE5C3004C9FD2 /* ColorPanelView.swift */; };
		CE73BD152B341DE6004B8AD8 /* ControlView.swift in Sources */ = {isa = PBXBuildFile; fileRef = CE73BD142B341DE6004B8AD8 /* ControlView.swift */; };
		CE73BD182B343483004B8AD8 /* Text+Style.swift in Sources */ = {isa = PBXBuildFile; fileRef = CE73BD172B343483004B8AD8 /* Text+Style.swift */; };
		CE73BD1B2B34386F004B8AD8 /* CompactSlider in Frameworks */ = {isa = PBXBuildFile; productRef = CE73BD1A2B34386F004B8AD8 /* CompactSlider */; };
		CE73BD1D2B35673E004B8AD8 /* URL+Extensions.swift in Sources */ = {isa = PBXBuildFile; fileRef = CE73BD1C2B35673E004B8AD8 /* URL+Extensions.swift */; };
		CE73BD202B356C81004B8AD8 /* CoreModel.swift in Sources */ = {isa = PBXBuildFile; fileRef = CE73BD1F2B356C81004B8AD8 /* CoreModel.swift */; };
		CE73BD232B356E0E004B8AD8 /* FolderContext.swift in Sources */ = {isa = PBXBuildFile; fileRef = CE73BD222B356E0E004B8AD8 /* FolderContext.swift */; };
		CE73BD252B356E8C004B8AD8 /* FolderObserver.swift in Sources */ = {isa = PBXBuildFile; fileRef = CE73BD242B356E8C004B8AD8 /* FolderObserver.swift */; };
		CE73BD272B356FC5004B8AD8 /* TextEditor+Style.swift in Sources */ = {isa = PBXBuildFile; fileRef = CE73BD262B356FC5004B8AD8 /* TextEditor+Style.swift */; };
		CE73BD292B357116004B8AD8 /* PromptView.swift in Sources */ = {isa = PBXBuildFile; fileRef = CE73BD282B357116004B8AD8 /* PromptView.swift */; };
		CE73BD2B2B35717D004B8AD8 /* ModelPickerView.swift in Sources */ = {isa = PBXBuildFile; fileRef = CE73BD2A2B35717D004B8AD8 /* ModelPickerView.swift */; };
		CE73BD2D2B3571F6004B8AD8 /* GuidanceScaleView.swift in Sources */ = {isa = PBXBuildFile; fileRef = CE73BD2C2B3571F6004B8AD8 /* GuidanceScaleView.swift */; };
		CE73BD2F2B357251004B8AD8 /* StepsView.swift in Sources */ = {isa = PBXBuildFile; fileRef = CE73BD2E2B357251004B8AD8 /* StepsView.swift */; };
		CE73BD312B3572DE004B8AD8 /* SeedsView.swift in Sources */ = {isa = PBXBuildFile; fileRef = CE73BD302B3572DE004B8AD8 /* SeedsView.swift */; };
		CE73BD332B39219A004B8AD8 /* GenerateButton.swift in Sources */ = {isa = PBXBuildFile; fileRef = CE73BD322B392199004B8AD8 /* GenerateButton.swift */; };
		CE7F96E92B30408600709792 /* GenerationView.swift in Sources */ = {isa = PBXBuildFile; fileRef = CE7F96E82B30408600709792 /* GenerationView.swift */; };
		CE7F96EB2B3040B900709792 /* MainView.swift in Sources */ = {isa = PBXBuildFile; fileRef = CE7F96EA2B3040B900709792 /* MainView.swift */; };
		CE7F96ED2B3042EA00709792 /* Line.swift in Sources */ = {isa = PBXBuildFile; fileRef = CE7F96EC2B3042EA00709792 /* Line.swift */; };
		CE7F96F02B3047A500709792 /* StableDiffusion in Frameworks */ = {isa = PBXBuildFile; productRef = CE7F96EF2B3047A500709792 /* StableDiffusion */; };
		CE7F96F22B3047A500709792 /* StableDiffusionSample in Frameworks */ = {isa = PBXBuildFile; productRef = CE7F96F12B3047A500709792 /* StableDiffusionSample */; };
		CE7F96F42B31366000709792 /* Pipeline.swift in Sources */ = {isa = PBXBuildFile; fileRef = CE7F96F32B31366000709792 /* Pipeline.swift */; };
		CE7F96F62B31441800709792 /* Settings.swift in Sources */ = {isa = PBXBuildFile; fileRef = CE7F96F52B31441800709792 /* Settings.swift */; };
		CE7F96F82B31464400709792 /* PipelineLoader.swift in Sources */ = {isa = PBXBuildFile; fileRef = CE7F96F72B31464400709792 /* PipelineLoader.swift */; };
		CE7F96FC2B3180A100709792 /* GenerationContext.swift in Sources */ = {isa = PBXBuildFile; fileRef = CE7F96FB2B3180A100709792 /* GenerationContext.swift */; };
		CE7F96FE2B31905400709792 /* ModelInfo.swift in Sources */ = {isa = PBXBuildFile; fileRef = CE7F96FD2B31905400709792 /* ModelInfo.swift */; };
		CE7F97032B32C0B600709792 /* StableDiffusionProgress.swift in Sources */ = {isa = PBXBuildFile; fileRef = CE7F97022B32C0B600709792 /* StableDiffusionProgress.swift */; };
		CE7F97052B32C12800709792 /* PipelineLoaderError.swift in Sources */ = {isa = PBXBuildFile; fileRef = CE7F97042B32C12800709792 /* PipelineLoaderError.swift */; };
		CE7F97072B32C16200709792 /* GenerationResult.swift in Sources */ = {isa = PBXBuildFile; fileRef = CE7F97062B32C16200709792 /* GenerationResult.swift */; };
		CEEFF8062B4689AA00E0FDA0 /* ModelPickerViewModel.swift in Sources */ = {isa = PBXBuildFile; fileRef = CEEFF8052B4689AA00E0FDA0 /* ModelPickerViewModel.swift */; };
		CEEFF8082B46919500E0FDA0 /* AI_Image.swift in Sources */ = {isa = PBXBuildFile; fileRef = CEEFF8072B46919500E0FDA0 /* AI_Image.swift */; };
		CEEFF80A2B4697EF00E0FDA0 /* Date+Extensions.swift in Sources */ = {isa = PBXBuildFile; fileRef = CEEFF8092B4697EF00E0FDA0 /* Date+Extensions.swift */; };
		CEEFF80C2B469B0600E0FDA0 /* CountView.swift in Sources */ = {isa = PBXBuildFile; fileRef = CEEFF80B2B469B0600E0FDA0 /* CountView.swift */; };
		CEEFF80E2B47D56600E0FDA0 /* ImageFolderContext.swift in Sources */ = {isa = PBXBuildFile; fileRef = CEEFF80D2B47D56600E0FDA0 /* ImageFolderContext.swift */; };
		CEEFF8102B47D59F00E0FDA0 /* Constants.swift in Sources */ = {isa = PBXBuildFile; fileRef = CEEFF80F2B47D59F00E0FDA0 /* Constants.swift */; };
		CEEFF8142B47D8C100E0FDA0 /* InfoView.swift in Sources */ = {isa = PBXBuildFile; fileRef = CEEFF8132B47D8C100E0FDA0 /* InfoView.swift */; };
		CEEFF8162B48186400E0FDA0 /* InfoViewModel.swift in Sources */ = {isa = PBXBuildFile; fileRef = CEEFF8152B48186400E0FDA0 /* InfoViewModel.swift */; };
/* End PBXBuildFile section */

/* Begin PBXContainerItemProxy section */
		CE5F68712B2C3D3E004C9FD2 /* PBXContainerItemProxy */ = {
			isa = PBXContainerItemProxy;
			containerPortal = CE5F68542B2C3D3C004C9FD2 /* Project object */;
			proxyType = 1;
			remoteGlobalIDString = CE5F685B2B2C3D3C004C9FD2;
			remoteInfo = Draw;
		};
		CE5F687B2B2C3D3E004C9FD2 /* PBXContainerItemProxy */ = {
			isa = PBXContainerItemProxy;
			containerPortal = CE5F68542B2C3D3C004C9FD2 /* Project object */;
			proxyType = 1;
			remoteGlobalIDString = CE5F685B2B2C3D3C004C9FD2;
			remoteInfo = Draw;
		};
/* End PBXContainerItemProxy section */

/* Begin PBXFileReference section */
		68CF514F2B3FD13100CE5C67 /* View+Extensions.swift */ = {isa = PBXFileReference; lastKnownFileType = sourcecode.swift; path = "View+Extensions.swift"; sourceTree = "<group>"; };
		68CF51532B3FF0FA00CE5C67 /* Double+Extensions.swift */ = {isa = PBXFileReference; lastKnownFileType = sourcecode.swift; path = "Double+Extensions.swift"; sourceTree = "<group>"; };
		68CF51552B42B11600CE5C67 /* InfoButton.swift */ = {isa = PBXFileReference; lastKnownFileType = sourcecode.swift; path = InfoButton.swift; sourceTree = "<group>"; };
		CE1D5C582B4BD4E600A59E17 /* GeneratedProgressView.swift */ = {isa = PBXFileReference; lastKnownFileType = sourcecode.swift; path = GeneratedProgressView.swift; sourceTree = "<group>"; };
		CE5F685C2B2C3D3C004C9FD2 /* Draw.app */ = {isa = PBXFileReference; explicitFileType = wrapper.application; includeInIndex = 0; path = Draw.app; sourceTree = BUILT_PRODUCTS_DIR; };
		CE5F685F2B2C3D3C004C9FD2 /* DrawApp.swift */ = {isa = PBXFileReference; lastKnownFileType = sourcecode.swift; path = DrawApp.swift; sourceTree = "<group>"; };
		CE5F68612B2C3D3C004C9FD2 /* ContentView.swift */ = {isa = PBXFileReference; lastKnownFileType = sourcecode.swift; path = ContentView.swift; sourceTree = "<group>"; };
		CE5F68632B2C3D3C004C9FD2 /* Item.swift */ = {isa = PBXFileReference; lastKnownFileType = sourcecode.swift; path = Item.swift; sourceTree = "<group>"; };
		CE5F68652B2C3D3D004C9FD2 /* Assets.xcassets */ = {isa = PBXFileReference; lastKnownFileType = folder.assetcatalog; path = Assets.xcassets; sourceTree = "<group>"; };
		CE5F68672B2C3D3D004C9FD2 /* Draw.entitlements */ = {isa = PBXFileReference; lastKnownFileType = text.plist.entitlements; path = Draw.entitlements; sourceTree = "<group>"; };
		CE5F68692B2C3D3D004C9FD2 /* Preview Assets.xcassets */ = {isa = PBXFileReference; lastKnownFileType = folder.assetcatalog; path = "Preview Assets.xcassets"; sourceTree = "<group>"; };
		CE5F686B2B2C3D3D004C9FD2 /* Info.plist */ = {isa = PBXFileReference; lastKnownFileType = text.plist.xml; path = Info.plist; sourceTree = "<group>"; };
		CE5F68702B2C3D3E004C9FD2 /* DrawTests.xctest */ = {isa = PBXFileReference; explicitFileType = wrapper.cfbundle; includeInIndex = 0; path = DrawTests.xctest; sourceTree = BUILT_PRODUCTS_DIR; };
		CE5F68742B2C3D3E004C9FD2 /* DrawTests.swift */ = {isa = PBXFileReference; lastKnownFileType = sourcecode.swift; path = DrawTests.swift; sourceTree = "<group>"; };
		CE5F687A2B2C3D3E004C9FD2 /* DrawUITests.xctest */ = {isa = PBXFileReference; explicitFileType = wrapper.cfbundle; includeInIndex = 0; path = DrawUITests.xctest; sourceTree = BUILT_PRODUCTS_DIR; };
		CE5F687E2B2C3D3E004C9FD2 /* DrawUITests.swift */ = {isa = PBXFileReference; lastKnownFileType = sourcecode.swift; path = DrawUITests.swift; sourceTree = "<group>"; };
		CE5F68802B2C3D3E004C9FD2 /* DrawUITestsLaunchTests.swift */ = {isa = PBXFileReference; lastKnownFileType = sourcecode.swift; path = DrawUITestsLaunchTests.swift; sourceTree = "<group>"; };
		CE5F688F2B2C4515004C9FD2 /* DrawView.swift */ = {isa = PBXFileReference; lastKnownFileType = sourcecode.swift; path = DrawView.swift; sourceTree = "<group>"; };
		CE5F68912B2FE5C3004C9FD2 /* ColorPanelView.swift */ = {isa = PBXFileReference; lastKnownFileType = sourcecode.swift; path = ColorPanelView.swift; sourceTree = "<group>"; };
		CE73BD142B341DE6004B8AD8 /* ControlView.swift */ = {isa = PBXFileReference; lastKnownFileType = sourcecode.swift; path = ControlView.swift; sourceTree = "<group>"; };
		CE73BD172B343483004B8AD8 /* Text+Style.swift */ = {isa = PBXFileReference; lastKnownFileType = sourcecode.swift; path = "Text+Style.swift"; sourceTree = "<group>"; };
		CE73BD1C2B35673E004B8AD8 /* URL+Extensions.swift */ = {isa = PBXFileReference; lastKnownFileType = sourcecode.swift; path = "URL+Extensions.swift"; sourceTree = "<group>"; };
		CE73BD1F2B356C81004B8AD8 /* CoreModel.swift */ = {isa = PBXFileReference; lastKnownFileType = sourcecode.swift; path = CoreModel.swift; sourceTree = "<group>"; };
		CE73BD222B356E0E004B8AD8 /* FolderContext.swift */ = {isa = PBXFileReference; lastKnownFileType = sourcecode.swift; path = FolderContext.swift; sourceTree = "<group>"; };
		CE73BD242B356E8C004B8AD8 /* FolderObserver.swift */ = {isa = PBXFileReference; lastKnownFileType = sourcecode.swift; path = FolderObserver.swift; sourceTree = "<group>"; };
		CE73BD262B356FC5004B8AD8 /* TextEditor+Style.swift */ = {isa = PBXFileReference; lastKnownFileType = sourcecode.swift; path = "TextEditor+Style.swift"; sourceTree = "<group>"; };
		CE73BD282B357116004B8AD8 /* PromptView.swift */ = {isa = PBXFileReference; lastKnownFileType = sourcecode.swift; path = PromptView.swift; sourceTree = "<group>"; };
		CE73BD2A2B35717D004B8AD8 /* ModelPickerView.swift */ = {isa = PBXFileReference; lastKnownFileType = sourcecode.swift; path = ModelPickerView.swift; sourceTree = "<group>"; };
		CE73BD2C2B3571F6004B8AD8 /* GuidanceScaleView.swift */ = {isa = PBXFileReference; lastKnownFileType = sourcecode.swift; path = GuidanceScaleView.swift; sourceTree = "<group>"; };
		CE73BD2E2B357251004B8AD8 /* StepsView.swift */ = {isa = PBXFileReference; lastKnownFileType = sourcecode.swift; path = StepsView.swift; sourceTree = "<group>"; };
		CE73BD302B3572DE004B8AD8 /* SeedsView.swift */ = {isa = PBXFileReference; lastKnownFileType = sourcecode.swift; path = SeedsView.swift; sourceTree = "<group>"; };
		CE73BD322B392199004B8AD8 /* GenerateButton.swift */ = {isa = PBXFileReference; lastKnownFileType = sourcecode.swift; path = GenerateButton.swift; sourceTree = "<group>"; };
		CE7F96E82B30408600709792 /* GenerationView.swift */ = {isa = PBXFileReference; lastKnownFileType = sourcecode.swift; path = GenerationView.swift; sourceTree = "<group>"; };
		CE7F96EA2B3040B900709792 /* MainView.swift */ = {isa = PBXFileReference; lastKnownFileType = sourcecode.swift; path = MainView.swift; sourceTree = "<group>"; };
		CE7F96EC2B3042EA00709792 /* Line.swift */ = {isa = PBXFileReference; lastKnownFileType = sourcecode.swift; path = Line.swift; sourceTree = "<group>"; };
		CE7F96F32B31366000709792 /* Pipeline.swift */ = {isa = PBXFileReference; lastKnownFileType = sourcecode.swift; path = Pipeline.swift; sourceTree = "<group>"; };
		CE7F96F52B31441800709792 /* Settings.swift */ = {isa = PBXFileReference; lastKnownFileType = sourcecode.swift; path = Settings.swift; sourceTree = "<group>"; };
		CE7F96F72B31464400709792 /* PipelineLoader.swift */ = {isa = PBXFileReference; lastKnownFileType = sourcecode.swift; path = PipelineLoader.swift; sourceTree = "<group>"; };
		CE7F96FB2B3180A100709792 /* GenerationContext.swift */ = {isa = PBXFileReference; lastKnownFileType = sourcecode.swift; path = GenerationContext.swift; sourceTree = "<group>"; };
		CE7F96FD2B31905400709792 /* ModelInfo.swift */ = {isa = PBXFileReference; lastKnownFileType = sourcecode.swift; path = ModelInfo.swift; sourceTree = "<group>"; };
		CE7F97022B32C0B600709792 /* StableDiffusionProgress.swift */ = {isa = PBXFileReference; lastKnownFileType = sourcecode.swift; path = StableDiffusionProgress.swift; sourceTree = "<group>"; };
		CE7F97042B32C12800709792 /* PipelineLoaderError.swift */ = {isa = PBXFileReference; lastKnownFileType = sourcecode.swift; path = PipelineLoaderError.swift; sourceTree = "<group>"; };
		CE7F97062B32C16200709792 /* GenerationResult.swift */ = {isa = PBXFileReference; lastKnownFileType = sourcecode.swift; path = GenerationResult.swift; sourceTree = "<group>"; };
		CEEFF8052B4689AA00E0FDA0 /* ModelPickerViewModel.swift */ = {isa = PBXFileReference; lastKnownFileType = sourcecode.swift; path = ModelPickerViewModel.swift; sourceTree = "<group>"; };
		CEEFF8072B46919500E0FDA0 /* AI_Image.swift */ = {isa = PBXFileReference; lastKnownFileType = sourcecode.swift; path = AI_Image.swift; sourceTree = "<group>"; };
		CEEFF8092B4697EF00E0FDA0 /* Date+Extensions.swift */ = {isa = PBXFileReference; lastKnownFileType = sourcecode.swift; path = "Date+Extensions.swift"; sourceTree = "<group>"; };
		CEEFF80B2B469B0600E0FDA0 /* CountView.swift */ = {isa = PBXFileReference; lastKnownFileType = sourcecode.swift; path = CountView.swift; sourceTree = "<group>"; };
		CEEFF80D2B47D56600E0FDA0 /* ImageFolderContext.swift */ = {isa = PBXFileReference; lastKnownFileType = sourcecode.swift; path = ImageFolderContext.swift; sourceTree = "<group>"; };
		CEEFF80F2B47D59F00E0FDA0 /* Constants.swift */ = {isa = PBXFileReference; lastKnownFileType = sourcecode.swift; path = Constants.swift; sourceTree = "<group>"; };
		CEEFF8132B47D8C100E0FDA0 /* InfoView.swift */ = {isa = PBXFileReference; lastKnownFileType = sourcecode.swift; path = InfoView.swift; sourceTree = "<group>"; };
		CEEFF8152B48186400E0FDA0 /* InfoViewModel.swift */ = {isa = PBXFileReference; lastKnownFileType = sourcecode.swift; path = InfoViewModel.swift; sourceTree = "<group>"; };
/* End PBXFileReference section */

/* Begin PBXFrameworksBuildPhase section */
		CE5F68592B2C3D3C004C9FD2 /* Frameworks */ = {
			isa = PBXFrameworksBuildPhase;
			buildActionMask = 2147483647;
			files = (
				CE7F96F02B3047A500709792 /* StableDiffusion in Frameworks */,
				CE73BD1B2B34386F004B8AD8 /* CompactSlider in Frameworks */,
				CE7F96F22B3047A500709792 /* StableDiffusionSample in Frameworks */,
			);
			runOnlyForDeploymentPostprocessing = 0;
		};
		CE5F686D2B2C3D3E004C9FD2 /* Frameworks */ = {
			isa = PBXFrameworksBuildPhase;
			buildActionMask = 2147483647;
			files = (
			);
			runOnlyForDeploymentPostprocessing = 0;
		};
		CE5F68772B2C3D3E004C9FD2 /* Frameworks */ = {
			isa = PBXFrameworksBuildPhase;
			buildActionMask = 2147483647;
			files = (
			);
			runOnlyForDeploymentPostprocessing = 0;
		};
/* End PBXFrameworksBuildPhase section */

/* Begin PBXGroup section */
		68CF514A2B3FB52500CE5C67 /* Styles */ = {
			isa = PBXGroup;
			children = (
				CE73BD262B356FC5004B8AD8 /* TextEditor+Style.swift */,
				CE73BD172B343483004B8AD8 /* Text+Style.swift */,
			);
			path = Styles;
			sourceTree = "<group>";
		};
		68CF514B2B3FCAE900CE5C67 /* ControlView */ = {
			isa = PBXGroup;
			children = (
				CEEFF8042B46899900E0FDA0 /* ViewModels */,
				68CF514D2B3FCB3B00CE5C67 /* Components */,
				CE73BD142B341DE6004B8AD8 /* ControlView.swift */,
			);
			path = ControlView;
			sourceTree = "<group>";
		};
		68CF514C2B3FCB1E00CE5C67 /* DrawView */ = {
			isa = PBXGroup;
			children = (
				68CF514E2B3FCB5500CE5C67 /* Components */,
				CE5F688F2B2C4515004C9FD2 /* DrawView.swift */,
			);
			path = DrawView;
			sourceTree = "<group>";
		};
		68CF514D2B3FCB3B00CE5C67 /* Components */ = {
			isa = PBXGroup;
			children = (
				CEEFF80B2B469B0600E0FDA0 /* CountView.swift */,
				CE73BD322B392199004B8AD8 /* GenerateButton.swift */,
				CE73BD2C2B3571F6004B8AD8 /* GuidanceScaleView.swift */,
				68CF51552B42B11600CE5C67 /* InfoButton.swift */,
				CE73BD2A2B35717D004B8AD8 /* ModelPickerView.swift */,
				CE73BD282B357116004B8AD8 /* PromptView.swift */,
				CE73BD302B3572DE004B8AD8 /* SeedsView.swift */,
				CE73BD2E2B357251004B8AD8 /* StepsView.swift */,
			);
			path = Components;
			sourceTree = "<group>";
		};
		68CF514E2B3FCB5500CE5C67 /* Components */ = {
			isa = PBXGroup;
			children = (
				CE5F68912B2FE5C3004C9FD2 /* ColorPanelView.swift */,
			);
			path = Components;
			sourceTree = "<group>";
		};
		CE5F68532B2C3D3C004C9FD2 = {
			isa = PBXGroup;
			children = (
				CE7F96FF2B32BFC100709792 /* Common */,
				CE5F685E2B2C3D3C004C9FD2 /* Draw */,
				CE5F68732B2C3D3E004C9FD2 /* DrawTests */,
				CE5F687D2B2C3D3E004C9FD2 /* DrawUITests */,
				CE5F685D2B2C3D3C004C9FD2 /* Products */,
			);
			sourceTree = "<group>";
		};
		CE5F685D2B2C3D3C004C9FD2 /* Products */ = {
			isa = PBXGroup;
			children = (
				CE5F685C2B2C3D3C004C9FD2 /* Draw.app */,
				CE5F68702B2C3D3E004C9FD2 /* DrawTests.xctest */,
				CE5F687A2B2C3D3E004C9FD2 /* DrawUITests.xctest */,
			);
			name = Products;
			sourceTree = "<group>";
		};
		CE5F685E2B2C3D3C004C9FD2 /* Draw */ = {
			isa = PBXGroup;
			children = (
				CE7F97012B32C03300709792 /* Views */,
				CE5F685F2B2C3D3C004C9FD2 /* DrawApp.swift */,
				CE5F68632B2C3D3C004C9FD2 /* Item.swift */,
				CE5F68652B2C3D3D004C9FD2 /* Assets.xcassets */,
				CE5F68672B2C3D3D004C9FD2 /* Draw.entitlements */,
				CE5F686B2B2C3D3D004C9FD2 /* Info.plist */,
				CE5F68682B2C3D3D004C9FD2 /* Preview Content */,
			);
			path = Draw;
			sourceTree = "<group>";
		};
		CE5F68682B2C3D3D004C9FD2 /* Preview Content */ = {
			isa = PBXGroup;
			children = (
				CE5F68692B2C3D3D004C9FD2 /* Preview Assets.xcassets */,
			);
			path = "Preview Content";
			sourceTree = "<group>";
		};
		CE5F68732B2C3D3E004C9FD2 /* DrawTests */ = {
			isa = PBXGroup;
			children = (
				CE5F68742B2C3D3E004C9FD2 /* DrawTests.swift */,
			);
			path = DrawTests;
			sourceTree = "<group>";
		};
		CE5F687D2B2C3D3E004C9FD2 /* DrawUITests */ = {
			isa = PBXGroup;
			children = (
				CE5F687E2B2C3D3E004C9FD2 /* DrawUITests.swift */,
				CE5F68802B2C3D3E004C9FD2 /* DrawUITestsLaunchTests.swift */,
			);
			path = DrawUITests;
			sourceTree = "<group>";
		};
		CE73BD162B343465004B8AD8 /* Extensions */ = {
			isa = PBXGroup;
			children = (
				68CF514A2B3FB52500CE5C67 /* Styles */,
				CE73BD1C2B35673E004B8AD8 /* URL+Extensions.swift */,
				68CF514F2B3FD13100CE5C67 /* View+Extensions.swift */,
				68CF51532B3FF0FA00CE5C67 /* Double+Extensions.swift */,
				CEEFF8092B4697EF00E0FDA0 /* Date+Extensions.swift */,
			);
			path = Extensions;
			sourceTree = "<group>";
		};
		CE73BD1E2B356C6B004B8AD8 /* Models */ = {
			isa = PBXGroup;
			children = (
				CE7F96FD2B31905400709792 /* ModelInfo.swift */,
				CE7F96EC2B3042EA00709792 /* Line.swift */,
				CE73BD1F2B356C81004B8AD8 /* CoreModel.swift */,
				CEEFF8072B46919500E0FDA0 /* AI_Image.swift */,
			);
			path = Models;
			sourceTree = "<group>";
		};
		CE73BD212B356E00004B8AD8 /* Context */ = {
			isa = PBXGroup;
			children = (
				CE7F96FB2B3180A100709792 /* GenerationContext.swift */,
				CE73BD222B356E0E004B8AD8 /* FolderContext.swift */,
				CEEFF80D2B47D56600E0FDA0 /* ImageFolderContext.swift */,
			);
			path = Context;
			sourceTree = "<group>";
		};
		CE7F96FF2B32BFC100709792 /* Common */ = {
			isa = PBXGroup;
			children = (
				CE73BD242B356E8C004B8AD8 /* FolderObserver.swift */,
				CE7F96F52B31441800709792 /* Settings.swift */,
				CE7F97022B32C0B600709792 /* StableDiffusionProgress.swift */,
				CE73BD212B356E00004B8AD8 /* Context */,
				CE73BD162B343465004B8AD8 /* Extensions */,
				CE73BD1E2B356C6B004B8AD8 /* Models */,
				CE7F97002B32BFD600709792 /* Pipeline */,
				CEEFF80F2B47D59F00E0FDA0 /* Constants.swift */,
			);
			path = Common;
			sourceTree = "<group>";
		};
		CE7F97002B32BFD600709792 /* Pipeline */ = {
			isa = PBXGroup;
			children = (
				CE7F96F32B31366000709792 /* Pipeline.swift */,
				CE7F96F72B31464400709792 /* PipelineLoader.swift */,
				CE7F97042B32C12800709792 /* PipelineLoaderError.swift */,
				CE7F97062B32C16200709792 /* GenerationResult.swift */,
			);
			path = Pipeline;
			sourceTree = "<group>";
		};
		CE7F97012B32C03300709792 /* Views */ = {
			isa = PBXGroup;
			children = (
				CE5F68612B2C3D3C004C9FD2 /* ContentView.swift */,
				CE1D5C582B4BD4E600A59E17 /* GeneratedProgressView.swift */,
				CE7F96E82B30408600709792 /* GenerationView.swift */,
				CEEFF8132B47D8C100E0FDA0 /* InfoView.swift */,
				CE7F96EA2B3040B900709792 /* MainView.swift */,
				68CF514B2B3FCAE900CE5C67 /* ControlView */,
				68CF514C2B3FCB1E00CE5C67 /* DrawView */,
			);
			path = Views;
			sourceTree = "<group>";
		};
		CEEFF8042B46899900E0FDA0 /* ViewModels */ = {
			isa = PBXGroup;
			children = (
				CEEFF8052B4689AA00E0FDA0 /* ModelPickerViewModel.swift */,
				CEEFF8152B48186400E0FDA0 /* InfoViewModel.swift */,
			);
			path = ViewModels;
			sourceTree = "<group>";
		};
/* End PBXGroup section */

/* Begin PBXNativeTarget section */
		CE5F685B2B2C3D3C004C9FD2 /* Draw */ = {
			isa = PBXNativeTarget;
			buildConfigurationList = CE5F68842B2C3D3E004C9FD2 /* Build configuration list for PBXNativeTarget "Draw" */;
			buildPhases = (
				CE5F68582B2C3D3C004C9FD2 /* Sources */,
				CE5F68592B2C3D3C004C9FD2 /* Frameworks */,
				CE5F685A2B2C3D3C004C9FD2 /* Resources */,
			);
			buildRules = (
			);
			dependencies = (
			);
			name = Draw;
			packageProductDependencies = (
				CE7F96EF2B3047A500709792 /* StableDiffusion */,
				CE7F96F12B3047A500709792 /* StableDiffusionSample */,
				CE73BD1A2B34386F004B8AD8 /* CompactSlider */,
			);
			productName = Draw;
			productReference = CE5F685C2B2C3D3C004C9FD2 /* Draw.app */;
			productType = "com.apple.product-type.application";
		};
		CE5F686F2B2C3D3E004C9FD2 /* DrawTests */ = {
			isa = PBXNativeTarget;
			buildConfigurationList = CE5F68872B2C3D3E004C9FD2 /* Build configuration list for PBXNativeTarget "DrawTests" */;
			buildPhases = (
				CE5F686C2B2C3D3E004C9FD2 /* Sources */,
				CE5F686D2B2C3D3E004C9FD2 /* Frameworks */,
				CE5F686E2B2C3D3E004C9FD2 /* Resources */,
			);
			buildRules = (
			);
			dependencies = (
				CE5F68722B2C3D3E004C9FD2 /* PBXTargetDependency */,
			);
			name = DrawTests;
			productName = DrawTests;
			productReference = CE5F68702B2C3D3E004C9FD2 /* DrawTests.xctest */;
			productType = "com.apple.product-type.bundle.unit-test";
		};
		CE5F68792B2C3D3E004C9FD2 /* DrawUITests */ = {
			isa = PBXNativeTarget;
			buildConfigurationList = CE5F688A2B2C3D3E004C9FD2 /* Build configuration list for PBXNativeTarget "DrawUITests" */;
			buildPhases = (
				CE5F68762B2C3D3E004C9FD2 /* Sources */,
				CE5F68772B2C3D3E004C9FD2 /* Frameworks */,
				CE5F68782B2C3D3E004C9FD2 /* Resources */,
			);
			buildRules = (
			);
			dependencies = (
				CE5F687C2B2C3D3E004C9FD2 /* PBXTargetDependency */,
			);
			name = DrawUITests;
			productName = DrawUITests;
			productReference = CE5F687A2B2C3D3E004C9FD2 /* DrawUITests.xctest */;
			productType = "com.apple.product-type.bundle.ui-testing";
		};
/* End PBXNativeTarget section */

/* Begin PBXProject section */
		CE5F68542B2C3D3C004C9FD2 /* Project object */ = {
			isa = PBXProject;
			attributes = {
				BuildIndependentTargetsInParallel = 1;
				LastSwiftUpdateCheck = 1500;
				LastUpgradeCheck = 1500;
				TargetAttributes = {
					CE5F685B2B2C3D3C004C9FD2 = {
						CreatedOnToolsVersion = 15.0;
					};
					CE5F686F2B2C3D3E004C9FD2 = {
						CreatedOnToolsVersion = 15.0;
						TestTargetID = CE5F685B2B2C3D3C004C9FD2;
					};
					CE5F68792B2C3D3E004C9FD2 = {
						CreatedOnToolsVersion = 15.0;
						TestTargetID = CE5F685B2B2C3D3C004C9FD2;
					};
				};
			};
			buildConfigurationList = CE5F68572B2C3D3C004C9FD2 /* Build configuration list for PBXProject "Draw" */;
			compatibilityVersion = "Xcode 14.0";
			developmentRegion = en;
			hasScannedForEncodings = 0;
			knownRegions = (
				en,
				Base,
			);
			mainGroup = CE5F68532B2C3D3C004C9FD2;
			packageReferences = (
				CE7F96EE2B3047A500709792 /* XCRemoteSwiftPackageReference "ml-stable-diffusion" */,
				CE73BD192B34386F004B8AD8 /* XCRemoteSwiftPackageReference "CompactSlider" */,
			);
			productRefGroup = CE5F685D2B2C3D3C004C9FD2 /* Products */;
			projectDirPath = "";
			projectRoot = "";
			targets = (
				CE5F685B2B2C3D3C004C9FD2 /* Draw */,
				CE5F686F2B2C3D3E004C9FD2 /* DrawTests */,
				CE5F68792B2C3D3E004C9FD2 /* DrawUITests */,
			);
		};
/* End PBXProject section */

/* Begin PBXResourcesBuildPhase section */
		CE5F685A2B2C3D3C004C9FD2 /* Resources */ = {
			isa = PBXResourcesBuildPhase;
			buildActionMask = 2147483647;
			files = (
				CE5F686A2B2C3D3D004C9FD2 /* Preview Assets.xcassets in Resources */,
				CE5F68662B2C3D3D004C9FD2 /* Assets.xcassets in Resources */,
			);
			runOnlyForDeploymentPostprocessing = 0;
		};
		CE5F686E2B2C3D3E004C9FD2 /* Resources */ = {
			isa = PBXResourcesBuildPhase;
			buildActionMask = 2147483647;
			files = (
			);
			runOnlyForDeploymentPostprocessing = 0;
		};
		CE5F68782B2C3D3E004C9FD2 /* Resources */ = {
			isa = PBXResourcesBuildPhase;
			buildActionMask = 2147483647;
			files = (
			);
			runOnlyForDeploymentPostprocessing = 0;
		};
/* End PBXResourcesBuildPhase section */

/* Begin PBXSourcesBuildPhase section */
		CE5F68582B2C3D3C004C9FD2 /* Sources */ = {
			isa = PBXSourcesBuildPhase;
			buildActionMask = 2147483647;
			files = (
				CE73BD2B2B35717D004B8AD8 /* ModelPickerView.swift in Sources */,
				CEEFF8102B47D59F00E0FDA0 /* Constants.swift in Sources */,
				68CF51502B3FD13100CE5C67 /* View+Extensions.swift in Sources */,
				CE7F97032B32C0B600709792 /* StableDiffusionProgress.swift in Sources */,
				CE73BD182B343483004B8AD8 /* Text+Style.swift in Sources */,
				CE7F96FC2B3180A100709792 /* GenerationContext.swift in Sources */,
				68CF51562B42B11600CE5C67 /* InfoButton.swift in Sources */,
				CE7F96F42B31366000709792 /* Pipeline.swift in Sources */,
				CEEFF8142B47D8C100E0FDA0 /* InfoView.swift in Sources */,
				CE7F97072B32C16200709792 /* GenerationResult.swift in Sources */,
				68CF51542B3FF0FA00CE5C67 /* Double+Extensions.swift in Sources */,
				CE1D5C592B4BD4E600A59E17 /* GeneratedProgressView.swift in Sources */,
				CE7F96FE2B31905400709792 /* ModelInfo.swift in Sources */,
				CE5F68622B2C3D3C004C9FD2 /* ContentView.swift in Sources */,
				CE73BD292B357116004B8AD8 /* PromptView.swift in Sources */,
				CEEFF8162B48186400E0FDA0 /* InfoViewModel.swift in Sources */,
				CE73BD332B39219A004B8AD8 /* GenerateButton.swift in Sources */,
				CE7F96EB2B3040B900709792 /* MainView.swift in Sources */,
				CE73BD272B356FC5004B8AD8 /* TextEditor+Style.swift in Sources */,
				CE73BD312B3572DE004B8AD8 /* SeedsView.swift in Sources */,
				CE73BD2D2B3571F6004B8AD8 /* GuidanceScaleView.swift in Sources */,
				CE5F68642B2C3D3C004C9FD2 /* Item.swift in Sources */,
				CE7F96F62B31441800709792 /* Settings.swift in Sources */,
				CEEFF8062B4689AA00E0FDA0 /* ModelPickerViewModel.swift in Sources */,
				CE5F68902B2C4515004C9FD2 /* DrawView.swift in Sources */,
				CE7F96E92B30408600709792 /* GenerationView.swift in Sources */,
				CE7F97052B32C12800709792 /* PipelineLoaderError.swift in Sources */,
				CEEFF80A2B4697EF00E0FDA0 /* Date+Extensions.swift in Sources */,
				CE7F96ED2B3042EA00709792 /* Line.swift in Sources */,
				CE5F68922B2FE5C4004C9FD2 /* ColorPanelView.swift in Sources */,
				CEEFF80C2B469B0600E0FDA0 /* CountView.swift in Sources */,
				CEEFF8082B46919500E0FDA0 /* AI_Image.swift in Sources */,
				CE5F68602B2C3D3C004C9FD2 /* DrawApp.swift in Sources */,
				CE73BD232B356E0E004B8AD8 /* FolderContext.swift in Sources */,
				CEEFF80E2B47D56600E0FDA0 /* ImageFolderContext.swift in Sources */,
				CE73BD202B356C81004B8AD8 /* CoreModel.swift in Sources */,
				CE73BD1D2B35673E004B8AD8 /* URL+Extensions.swift in Sources */,
				CE73BD2F2B357251004B8AD8 /* StepsView.swift in Sources */,
				CE73BD252B356E8C004B8AD8 /* FolderObserver.swift in Sources */,
				CE73BD152B341DE6004B8AD8 /* ControlView.swift in Sources */,
				CE7F96F82B31464400709792 /* PipelineLoader.swift in Sources */,
			);
			runOnlyForDeploymentPostprocessing = 0;
		};
		CE5F686C2B2C3D3E004C9FD2 /* Sources */ = {
			isa = PBXSourcesBuildPhase;
			buildActionMask = 2147483647;
			files = (
				CE5F68752B2C3D3E004C9FD2 /* DrawTests.swift in Sources */,
			);
			runOnlyForDeploymentPostprocessing = 0;
		};
		CE5F68762B2C3D3E004C9FD2 /* Sources */ = {
			isa = PBXSourcesBuildPhase;
			buildActionMask = 2147483647;
			files = (
				CE5F68812B2C3D3E004C9FD2 /* DrawUITestsLaunchTests.swift in Sources */,
				CE5F687F2B2C3D3E004C9FD2 /* DrawUITests.swift in Sources */,
			);
			runOnlyForDeploymentPostprocessing = 0;
		};
/* End PBXSourcesBuildPhase section */

/* Begin PBXTargetDependency section */
		CE5F68722B2C3D3E004C9FD2 /* PBXTargetDependency */ = {
			isa = PBXTargetDependency;
			target = CE5F685B2B2C3D3C004C9FD2 /* Draw */;
			targetProxy = CE5F68712B2C3D3E004C9FD2 /* PBXContainerItemProxy */;
		};
		CE5F687C2B2C3D3E004C9FD2 /* PBXTargetDependency */ = {
			isa = PBXTargetDependency;
			target = CE5F685B2B2C3D3C004C9FD2 /* Draw */;
			targetProxy = CE5F687B2B2C3D3E004C9FD2 /* PBXContainerItemProxy */;
		};
/* End PBXTargetDependency section */

/* Begin XCBuildConfiguration section */
		CE5F68822B2C3D3E004C9FD2 /* Debug */ = {
			isa = XCBuildConfiguration;
			buildSettings = {
				ALWAYS_SEARCH_USER_PATHS = NO;
				ASSETCATALOG_COMPILER_GENERATE_SWIFT_ASSET_SYMBOL_EXTENSIONS = YES;
				CLANG_ANALYZER_NONNULL = YES;
				CLANG_ANALYZER_NUMBER_OBJECT_CONVERSION = YES_AGGRESSIVE;
				CLANG_CXX_LANGUAGE_STANDARD = "gnu++20";
				CLANG_ENABLE_MODULES = YES;
				CLANG_ENABLE_OBJC_ARC = YES;
				CLANG_ENABLE_OBJC_WEAK = YES;
				CLANG_WARN_BLOCK_CAPTURE_AUTORELEASING = YES;
				CLANG_WARN_BOOL_CONVERSION = YES;
				CLANG_WARN_COMMA = YES;
				CLANG_WARN_CONSTANT_CONVERSION = YES;
				CLANG_WARN_DEPRECATED_OBJC_IMPLEMENTATIONS = YES;
				CLANG_WARN_DIRECT_OBJC_ISA_USAGE = YES_ERROR;
				CLANG_WARN_DOCUMENTATION_COMMENTS = YES;
				CLANG_WARN_EMPTY_BODY = YES;
				CLANG_WARN_ENUM_CONVERSION = YES;
				CLANG_WARN_INFINITE_RECURSION = YES;
				CLANG_WARN_INT_CONVERSION = YES;
				CLANG_WARN_NON_LITERAL_NULL_CONVERSION = YES;
				CLANG_WARN_OBJC_IMPLICIT_RETAIN_SELF = YES;
				CLANG_WARN_OBJC_LITERAL_CONVERSION = YES;
				CLANG_WARN_OBJC_ROOT_CLASS = YES_ERROR;
				CLANG_WARN_QUOTED_INCLUDE_IN_FRAMEWORK_HEADER = YES;
				CLANG_WARN_RANGE_LOOP_ANALYSIS = YES;
				CLANG_WARN_STRICT_PROTOTYPES = YES;
				CLANG_WARN_SUSPICIOUS_MOVE = YES;
				CLANG_WARN_UNGUARDED_AVAILABILITY = YES_AGGRESSIVE;
				CLANG_WARN_UNREACHABLE_CODE = YES;
				CLANG_WARN__DUPLICATE_METHOD_MATCH = YES;
				COPY_PHASE_STRIP = NO;
				DEBUG_INFORMATION_FORMAT = dwarf;
				ENABLE_STRICT_OBJC_MSGSEND = YES;
				ENABLE_TESTABILITY = YES;
				ENABLE_USER_SCRIPT_SANDBOXING = YES;
				GCC_C_LANGUAGE_STANDARD = gnu17;
				GCC_DYNAMIC_NO_PIC = NO;
				GCC_NO_COMMON_BLOCKS = YES;
				GCC_OPTIMIZATION_LEVEL = 0;
				GCC_PREPROCESSOR_DEFINITIONS = (
					"DEBUG=1",
					"$(inherited)",
				);
				GCC_WARN_64_TO_32_BIT_CONVERSION = YES;
				GCC_WARN_ABOUT_RETURN_TYPE = YES_ERROR;
				GCC_WARN_UNDECLARED_SELECTOR = YES;
				GCC_WARN_UNINITIALIZED_AUTOS = YES_AGGRESSIVE;
				GCC_WARN_UNUSED_FUNCTION = YES;
				GCC_WARN_UNUSED_VARIABLE = YES;
				LOCALIZATION_PREFERS_STRING_CATALOGS = YES;
				MACOSX_DEPLOYMENT_TARGET = 13.5;
				MTL_ENABLE_DEBUG_INFO = INCLUDE_SOURCE;
				MTL_FAST_MATH = YES;
				ONLY_ACTIVE_ARCH = YES;
				SWIFT_ACTIVE_COMPILATION_CONDITIONS = "DEBUG $(inherited)";
				SWIFT_OPTIMIZATION_LEVEL = "-Onone";
			};
			name = Debug;
		};
		CE5F68832B2C3D3E004C9FD2 /* Release */ = {
			isa = XCBuildConfiguration;
			buildSettings = {
				ALWAYS_SEARCH_USER_PATHS = NO;
				ASSETCATALOG_COMPILER_GENERATE_SWIFT_ASSET_SYMBOL_EXTENSIONS = YES;
				CLANG_ANALYZER_NONNULL = YES;
				CLANG_ANALYZER_NUMBER_OBJECT_CONVERSION = YES_AGGRESSIVE;
				CLANG_CXX_LANGUAGE_STANDARD = "gnu++20";
				CLANG_ENABLE_MODULES = YES;
				CLANG_ENABLE_OBJC_ARC = YES;
				CLANG_ENABLE_OBJC_WEAK = YES;
				CLANG_WARN_BLOCK_CAPTURE_AUTORELEASING = YES;
				CLANG_WARN_BOOL_CONVERSION = YES;
				CLANG_WARN_COMMA = YES;
				CLANG_WARN_CONSTANT_CONVERSION = YES;
				CLANG_WARN_DEPRECATED_OBJC_IMPLEMENTATIONS = YES;
				CLANG_WARN_DIRECT_OBJC_ISA_USAGE = YES_ERROR;
				CLANG_WARN_DOCUMENTATION_COMMENTS = YES;
				CLANG_WARN_EMPTY_BODY = YES;
				CLANG_WARN_ENUM_CONVERSION = YES;
				CLANG_WARN_INFINITE_RECURSION = YES;
				CLANG_WARN_INT_CONVERSION = YES;
				CLANG_WARN_NON_LITERAL_NULL_CONVERSION = YES;
				CLANG_WARN_OBJC_IMPLICIT_RETAIN_SELF = YES;
				CLANG_WARN_OBJC_LITERAL_CONVERSION = YES;
				CLANG_WARN_OBJC_ROOT_CLASS = YES_ERROR;
				CLANG_WARN_QUOTED_INCLUDE_IN_FRAMEWORK_HEADER = YES;
				CLANG_WARN_RANGE_LOOP_ANALYSIS = YES;
				CLANG_WARN_STRICT_PROTOTYPES = YES;
				CLANG_WARN_SUSPICIOUS_MOVE = YES;
				CLANG_WARN_UNGUARDED_AVAILABILITY = YES_AGGRESSIVE;
				CLANG_WARN_UNREACHABLE_CODE = YES;
				CLANG_WARN__DUPLICATE_METHOD_MATCH = YES;
				COPY_PHASE_STRIP = NO;
				DEBUG_INFORMATION_FORMAT = "dwarf-with-dsym";
				ENABLE_NS_ASSERTIONS = NO;
				ENABLE_STRICT_OBJC_MSGSEND = YES;
				ENABLE_USER_SCRIPT_SANDBOXING = YES;
				GCC_C_LANGUAGE_STANDARD = gnu17;
				GCC_NO_COMMON_BLOCKS = YES;
				GCC_WARN_64_TO_32_BIT_CONVERSION = YES;
				GCC_WARN_ABOUT_RETURN_TYPE = YES_ERROR;
				GCC_WARN_UNDECLARED_SELECTOR = YES;
				GCC_WARN_UNINITIALIZED_AUTOS = YES_AGGRESSIVE;
				GCC_WARN_UNUSED_FUNCTION = YES;
				GCC_WARN_UNUSED_VARIABLE = YES;
				LOCALIZATION_PREFERS_STRING_CATALOGS = YES;
				MACOSX_DEPLOYMENT_TARGET = 13.5;
				MTL_ENABLE_DEBUG_INFO = NO;
				MTL_FAST_MATH = YES;
				SWIFT_COMPILATION_MODE = wholemodule;
			};
			name = Release;
		};
		CE5F68852B2C3D3E004C9FD2 /* Debug */ = {
			isa = XCBuildConfiguration;
			buildSettings = {
				ASSETCATALOG_COMPILER_APPICON_NAME = AppIcon;
				ASSETCATALOG_COMPILER_GLOBAL_ACCENT_COLOR_NAME = AccentColor;
				CODE_SIGN_ENTITLEMENTS = Draw/Draw.entitlements;
				CODE_SIGN_STYLE = Automatic;
				CURRENT_PROJECT_VERSION = 1;
				DEVELOPMENT_ASSET_PATHS = "\"Draw/Preview Content\"";
				DEVELOPMENT_TEAM = W33F93UXW3;
				ENABLE_HARDENED_RUNTIME = YES;
				ENABLE_PREVIEWS = YES;
				GENERATE_INFOPLIST_FILE = YES;
				INFOPLIST_FILE = Draw/Info.plist;
				"INFOPLIST_KEY_UIApplicationSceneManifest_Generation[sdk=iphoneos*]" = YES;
				"INFOPLIST_KEY_UIApplicationSceneManifest_Generation[sdk=iphonesimulator*]" = YES;
				"INFOPLIST_KEY_UIApplicationSupportsIndirectInputEvents[sdk=iphoneos*]" = YES;
				"INFOPLIST_KEY_UIApplicationSupportsIndirectInputEvents[sdk=iphonesimulator*]" = YES;
				"INFOPLIST_KEY_UILaunchScreen_Generation[sdk=iphoneos*]" = YES;
				"INFOPLIST_KEY_UILaunchScreen_Generation[sdk=iphonesimulator*]" = YES;
				"INFOPLIST_KEY_UIStatusBarStyle[sdk=iphoneos*]" = UIStatusBarStyleDefault;
				"INFOPLIST_KEY_UIStatusBarStyle[sdk=iphonesimulator*]" = UIStatusBarStyleDefault;
				INFOPLIST_KEY_UISupportedInterfaceOrientations_iPad = "UIInterfaceOrientationPortrait UIInterfaceOrientationPortraitUpsideDown UIInterfaceOrientationLandscapeLeft UIInterfaceOrientationLandscapeRight";
				INFOPLIST_KEY_UISupportedInterfaceOrientations_iPhone = "UIInterfaceOrientationPortrait UIInterfaceOrientationLandscapeLeft UIInterfaceOrientationLandscapeRight";
				IPHONEOS_DEPLOYMENT_TARGET = 16.0;
				LD_RUNPATH_SEARCH_PATHS = "@executable_path/Frameworks";
				"LD_RUNPATH_SEARCH_PATHS[sdk=macosx*]" = "@executable_path/../Frameworks";
				MACOSX_DEPLOYMENT_TARGET = 13.5;
				MARKETING_VERSION = 1.0;
				PRODUCT_BUNDLE_IDENTIFIER = com.weilun.Draw;
				PRODUCT_NAME = "$(TARGET_NAME)";
				SDKROOT = auto;
				SUPPORTED_PLATFORMS = "iphoneos iphonesimulator macosx";
				SWIFT_EMIT_LOC_STRINGS = YES;
				SWIFT_VERSION = 5.0;
				TARGETED_DEVICE_FAMILY = "1,2";
			};
			name = Debug;
		};
		CE5F68862B2C3D3E004C9FD2 /* Release */ = {
			isa = XCBuildConfiguration;
			buildSettings = {
				ASSETCATALOG_COMPILER_APPICON_NAME = AppIcon;
				ASSETCATALOG_COMPILER_GLOBAL_ACCENT_COLOR_NAME = AccentColor;
				CODE_SIGN_ENTITLEMENTS = Draw/Draw.entitlements;
				CODE_SIGN_STYLE = Automatic;
				CURRENT_PROJECT_VERSION = 1;
				DEVELOPMENT_ASSET_PATHS = "\"Draw/Preview Content\"";
				DEVELOPMENT_TEAM = W33F93UXW3;
				ENABLE_HARDENED_RUNTIME = YES;
				ENABLE_PREVIEWS = YES;
				GENERATE_INFOPLIST_FILE = YES;
				INFOPLIST_FILE = Draw/Info.plist;
				"INFOPLIST_KEY_UIApplicationSceneManifest_Generation[sdk=iphoneos*]" = YES;
				"INFOPLIST_KEY_UIApplicationSceneManifest_Generation[sdk=iphonesimulator*]" = YES;
				"INFOPLIST_KEY_UIApplicationSupportsIndirectInputEvents[sdk=iphoneos*]" = YES;
				"INFOPLIST_KEY_UIApplicationSupportsIndirectInputEvents[sdk=iphonesimulator*]" = YES;
				"INFOPLIST_KEY_UILaunchScreen_Generation[sdk=iphoneos*]" = YES;
				"INFOPLIST_KEY_UILaunchScreen_Generation[sdk=iphonesimulator*]" = YES;
				"INFOPLIST_KEY_UIStatusBarStyle[sdk=iphoneos*]" = UIStatusBarStyleDefault;
				"INFOPLIST_KEY_UIStatusBarStyle[sdk=iphonesimulator*]" = UIStatusBarStyleDefault;
				INFOPLIST_KEY_UISupportedInterfaceOrientations_iPad = "UIInterfaceOrientationPortrait UIInterfaceOrientationPortraitUpsideDown UIInterfaceOrientationLandscapeLeft UIInterfaceOrientationLandscapeRight";
				INFOPLIST_KEY_UISupportedInterfaceOrientations_iPhone = "UIInterfaceOrientationPortrait UIInterfaceOrientationLandscapeLeft UIInterfaceOrientationLandscapeRight";
				IPHONEOS_DEPLOYMENT_TARGET = 16.0;
				LD_RUNPATH_SEARCH_PATHS = "@executable_path/Frameworks";
				"LD_RUNPATH_SEARCH_PATHS[sdk=macosx*]" = "@executable_path/../Frameworks";
				MACOSX_DEPLOYMENT_TARGET = 13.5;
				MARKETING_VERSION = 1.0;
				PRODUCT_BUNDLE_IDENTIFIER = com.weilun.Draw;
				PRODUCT_NAME = "$(TARGET_NAME)";
				SDKROOT = auto;
				SUPPORTED_PLATFORMS = "iphoneos iphonesimulator macosx";
				SWIFT_EMIT_LOC_STRINGS = YES;
				SWIFT_VERSION = 5.0;
				TARGETED_DEVICE_FAMILY = "1,2";
			};
			name = Release;
		};
		CE5F68882B2C3D3E004C9FD2 /* Debug */ = {
			isa = XCBuildConfiguration;
			buildSettings = {
				ALWAYS_EMBED_SWIFT_STANDARD_LIBRARIES = YES;
				BUNDLE_LOADER = "$(TEST_HOST)";
				CODE_SIGN_STYLE = Automatic;
				CURRENT_PROJECT_VERSION = 1;
				DEVELOPMENT_TEAM = W33F93UXW3;
				GENERATE_INFOPLIST_FILE = YES;
				IPHONEOS_DEPLOYMENT_TARGET = 17.0;
				MACOSX_DEPLOYMENT_TARGET = 14.0;
				MARKETING_VERSION = 1.0;
				PRODUCT_BUNDLE_IDENTIFIER = com.weilun.DrawTests;
				PRODUCT_NAME = "$(TARGET_NAME)";
				SDKROOT = auto;
				SUPPORTED_PLATFORMS = "iphoneos iphonesimulator macosx";
				SWIFT_EMIT_LOC_STRINGS = NO;
				SWIFT_VERSION = 5.0;
				TARGETED_DEVICE_FAMILY = "1,2";
				TEST_HOST = "$(BUILT_PRODUCTS_DIR)/Draw.app/$(BUNDLE_EXECUTABLE_FOLDER_PATH)/Draw";
			};
			name = Debug;
		};
		CE5F68892B2C3D3E004C9FD2 /* Release */ = {
			isa = XCBuildConfiguration;
			buildSettings = {
				ALWAYS_EMBED_SWIFT_STANDARD_LIBRARIES = YES;
				BUNDLE_LOADER = "$(TEST_HOST)";
				CODE_SIGN_STYLE = Automatic;
				CURRENT_PROJECT_VERSION = 1;
				DEVELOPMENT_TEAM = W33F93UXW3;
				GENERATE_INFOPLIST_FILE = YES;
				IPHONEOS_DEPLOYMENT_TARGET = 17.0;
				MACOSX_DEPLOYMENT_TARGET = 14.0;
				MARKETING_VERSION = 1.0;
				PRODUCT_BUNDLE_IDENTIFIER = com.weilun.DrawTests;
				PRODUCT_NAME = "$(TARGET_NAME)";
				SDKROOT = auto;
				SUPPORTED_PLATFORMS = "iphoneos iphonesimulator macosx";
				SWIFT_EMIT_LOC_STRINGS = NO;
				SWIFT_VERSION = 5.0;
				TARGETED_DEVICE_FAMILY = "1,2";
				TEST_HOST = "$(BUILT_PRODUCTS_DIR)/Draw.app/$(BUNDLE_EXECUTABLE_FOLDER_PATH)/Draw";
			};
			name = Release;
		};
		CE5F688B2B2C3D3E004C9FD2 /* Debug */ = {
			isa = XCBuildConfiguration;
			buildSettings = {
				ALWAYS_EMBED_SWIFT_STANDARD_LIBRARIES = YES;
				CODE_SIGN_STYLE = Automatic;
				CURRENT_PROJECT_VERSION = 1;
				DEVELOPMENT_TEAM = W33F93UXW3;
				GENERATE_INFOPLIST_FILE = YES;
				IPHONEOS_DEPLOYMENT_TARGET = 17.0;
				MACOSX_DEPLOYMENT_TARGET = 14.0;
				MARKETING_VERSION = 1.0;
				PRODUCT_BUNDLE_IDENTIFIER = com.weilun.DrawUITests;
				PRODUCT_NAME = "$(TARGET_NAME)";
				SDKROOT = auto;
				SUPPORTED_PLATFORMS = "iphoneos iphonesimulator macosx";
				SWIFT_EMIT_LOC_STRINGS = NO;
				SWIFT_VERSION = 5.0;
				TARGETED_DEVICE_FAMILY = "1,2";
				TEST_TARGET_NAME = Draw;
			};
			name = Debug;
		};
		CE5F688C2B2C3D3E004C9FD2 /* Release */ = {
			isa = XCBuildConfiguration;
			buildSettings = {
				ALWAYS_EMBED_SWIFT_STANDARD_LIBRARIES = YES;
				CODE_SIGN_STYLE = Automatic;
				CURRENT_PROJECT_VERSION = 1;
				DEVELOPMENT_TEAM = W33F93UXW3;
				GENERATE_INFOPLIST_FILE = YES;
				IPHONEOS_DEPLOYMENT_TARGET = 17.0;
				MACOSX_DEPLOYMENT_TARGET = 14.0;
				MARKETING_VERSION = 1.0;
				PRODUCT_BUNDLE_IDENTIFIER = com.weilun.DrawUITests;
				PRODUCT_NAME = "$(TARGET_NAME)";
				SDKROOT = auto;
				SUPPORTED_PLATFORMS = "iphoneos iphonesimulator macosx";
				SWIFT_EMIT_LOC_STRINGS = NO;
				SWIFT_VERSION = 5.0;
				TARGETED_DEVICE_FAMILY = "1,2";
				TEST_TARGET_NAME = Draw;
			};
			name = Release;
		};
/* End XCBuildConfiguration section */

/* Begin XCConfigurationList section */
		CE5F68572B2C3D3C004C9FD2 /* Build configuration list for PBXProject "Draw" */ = {
			isa = XCConfigurationList;
			buildConfigurations = (
				CE5F68822B2C3D3E004C9FD2 /* Debug */,
				CE5F68832B2C3D3E004C9FD2 /* Release */,
			);
			defaultConfigurationIsVisible = 0;
			defaultConfigurationName = Release;
		};
		CE5F68842B2C3D3E004C9FD2 /* Build configuration list for PBXNativeTarget "Draw" */ = {
			isa = XCConfigurationList;
			buildConfigurations = (
				CE5F68852B2C3D3E004C9FD2 /* Debug */,
				CE5F68862B2C3D3E004C9FD2 /* Release */,
			);
			defaultConfigurationIsVisible = 0;
			defaultConfigurationName = Release;
		};
		CE5F68872B2C3D3E004C9FD2 /* Build configuration list for PBXNativeTarget "DrawTests" */ = {
			isa = XCConfigurationList;
			buildConfigurations = (
				CE5F68882B2C3D3E004C9FD2 /* Debug */,
				CE5F68892B2C3D3E004C9FD2 /* Release */,
			);
			defaultConfigurationIsVisible = 0;
			defaultConfigurationName = Release;
		};
		CE5F688A2B2C3D3E004C9FD2 /* Build configuration list for PBXNativeTarget "DrawUITests" */ = {
			isa = XCConfigurationList;
			buildConfigurations = (
				CE5F688B2B2C3D3E004C9FD2 /* Debug */,
				CE5F688C2B2C3D3E004C9FD2 /* Release */,
			);
			defaultConfigurationIsVisible = 0;
			defaultConfigurationName = Release;
		};
/* End XCConfigurationList section */

/* Begin XCRemoteSwiftPackageReference section */
		CE73BD192B34386F004B8AD8 /* XCRemoteSwiftPackageReference "CompactSlider" */ = {
			isa = XCRemoteSwiftPackageReference;
			repositoryURL = "https://github.com/buh/CompactSlider";
			requirement = {
				kind = upToNextMajorVersion;
				minimumVersion = 1.1.5;
			};
		};
		CE7F96EE2B3047A500709792 /* XCRemoteSwiftPackageReference "ml-stable-diffusion" */ = {
			isa = XCRemoteSwiftPackageReference;
			repositoryURL = "https://github.com/apple/ml-stable-diffusion.git";
			requirement = {
				kind = upToNextMajorVersion;
				minimumVersion = 1.1.0;
			};
		};
/* End XCRemoteSwiftPackageReference section */

/* Begin XCSwiftPackageProductDependency section */
		CE73BD1A2B34386F004B8AD8 /* CompactSlider */ = {
			isa = XCSwiftPackageProductDependency;
			package = CE73BD192B34386F004B8AD8 /* XCRemoteSwiftPackageReference "CompactSlider" */;
			productName = CompactSlider;
		};
		CE7F96EF2B3047A500709792 /* StableDiffusion */ = {
			isa = XCSwiftPackageProductDependency;
			package = CE7F96EE2B3047A500709792 /* XCRemoteSwiftPackageReference "ml-stable-diffusion" */;
			productName = StableDiffusion;
		};
		CE7F96F12B3047A500709792 /* StableDiffusionSample */ = {
			isa = XCSwiftPackageProductDependency;
			package = CE7F96EE2B3047A500709792 /* XCRemoteSwiftPackageReference "ml-stable-diffusion" */;
			productName = StableDiffusionSample;
		};
/* End XCSwiftPackageProductDependency section */
	};
	rootObject = CE5F68542B2C3D3C004C9FD2 /* Project object */;
}
